// !$*UTF8*$!
{
	archiveVersion = 1;
	classes = {
	};
	objectVersion = 48;
	objects = {

/* Begin PBXBuildFile section */
		6F1CF3181FF5F74B00030C81 /* SettingsController.swift in Sources */ = {isa = PBXBuildFile; fileRef = 6F1CF3171FF5F74B00030C81 /* SettingsController.swift */; };
		6F1CF31A1FF5FA9F00030C81 /* settings.plist in Resources */ = {isa = PBXBuildFile; fileRef = 6F1CF3191FF5FA9F00030C81 /* settings.plist */; };
		6F1D69221FFB5C6000FF5FA7 /* ProfileController.swift in Sources */ = {isa = PBXBuildFile; fileRef = 6F1D69211FFB5C6000FF5FA7 /* ProfileController.swift */; };
		6F1D69241FFB5C7D00FF5FA7 /* FeedBackController.swift in Sources */ = {isa = PBXBuildFile; fileRef = 6F1D69231FFB5C7D00FF5FA7 /* FeedBackController.swift */; };
		6F1D69281FFB5DA000FF5FA7 /* AgreementController.swift in Sources */ = {isa = PBXBuildFile; fileRef = 6F1D69271FFB5DA000FF5FA7 /* AgreementController.swift */; };
		6F2940EA1FF4D5DA00873A9A /* ReadMailController.swift in Sources */ = {isa = PBXBuildFile; fileRef = 6F2940E91FF4D5DA00873A9A /* ReadMailController.swift */; };
		6F2940EC1FF4E4BD00873A9A /* WriteMailController.swift in Sources */ = {isa = PBXBuildFile; fileRef = 6F2940EB1FF4E4BD00873A9A /* WriteMailController.swift */; };
		6F2940EE1FF4EDBA00873A9A /* PackToSendController.swift in Sources */ = {isa = PBXBuildFile; fileRef = 6F2940ED1FF4EDBA00873A9A /* PackToSendController.swift */; };
		6F2940F91FF5D9C100873A9A /* Login.storyboard in Resources */ = {isa = PBXBuildFile; fileRef = 6F2940F21FF5D9C000873A9A /* Login.storyboard */; };
		6F2940FC1FF5D9C100873A9A /* LoginController.swift in Sources */ = {isa = PBXBuildFile; fileRef = 6F2940F51FF5D9C100873A9A /* LoginController.swift */; };
		6F2940FF1FF5DA4500873A9A /* InformationController.swift in Sources */ = {isa = PBXBuildFile; fileRef = 6F2940FE1FF5DA4500873A9A /* InformationController.swift */; };
		6F887B471FF48E410097B640 /* NetworkManger.swift in Sources */ = {isa = PBXBuildFile; fileRef = 6F887B441FF48E410097B640 /* NetworkManger.swift */; };
		6F887B481FF48E410097B640 /* Network+Moya+SwiftyJSON.swift in Sources */ = {isa = PBXBuildFile; fileRef = 6F887B451FF48E410097B640 /* Network+Moya+SwiftyJSON.swift */; };
		6F887B491FF48E410097B640 /* Request.swift in Sources */ = {isa = PBXBuildFile; fileRef = 6F887B461FF48E410097B640 /* Request.swift */; };
		6F887B501FF48E550097B640 /* Config.swift in Sources */ = {isa = PBXBuildFile; fileRef = 6F887B4C1FF48E550097B640 /* Config.swift */; };
		6F887B511FF48E550097B640 /* RegexHelper.swift in Sources */ = {isa = PBXBuildFile; fileRef = 6F887B4D1FF48E550097B640 /* RegexHelper.swift */; };
		6F887B551FF48E740097B640 /* R.generated.swift in Sources */ = {isa = PBXBuildFile; fileRef = 6F887B541FF48E740097B640 /* R.generated.swift */; };
		6F887B631FF48E810097B640 /* UIViewController+hexa.swift in Sources */ = {isa = PBXBuildFile; fileRef = 6F887B571FF48E800097B640 /* UIViewController+hexa.swift */; };
		6F887B651FF48E810097B640 /* UIFont+hexa.swift in Sources */ = {isa = PBXBuildFile; fileRef = 6F887B591FF48E800097B640 /* UIFont+hexa.swift */; };
		6F887B661FF48E810097B640 /* Array+hexa.swift in Sources */ = {isa = PBXBuildFile; fileRef = 6F887B5A1FF48E800097B640 /* Array+hexa.swift */; };
		6F887B671FF48E810097B640 /* String+hexa.swift in Sources */ = {isa = PBXBuildFile; fileRef = 6F887B5B1FF48E800097B640 /* String+hexa.swift */; };
		6F887B681FF48E810097B640 /* UIColor+hexa.swift in Sources */ = {isa = PBXBuildFile; fileRef = 6F887B5C1FF48E800097B640 /* UIColor+hexa.swift */; };
		6F887B6B1FF48E810097B640 /* UIImage+hexa.swift in Sources */ = {isa = PBXBuildFile; fileRef = 6F887B5F1FF48E800097B640 /* UIImage+hexa.swift */; };
		6F887B6D1FF48E810097B640 /* UIDevice+hexa.swift in Sources */ = {isa = PBXBuildFile; fileRef = 6F887B611FF48E800097B640 /* UIDevice+hexa.swift */; };
		6F887B6E1FF48E810097B640 /* UIView+hexa.swift in Sources */ = {isa = PBXBuildFile; fileRef = 6F887B621FF48E800097B640 /* UIView+hexa.swift */; };
		6F887C491FF48F0A0097B640 /* RequestModel.swift in Sources */ = {isa = PBXBuildFile; fileRef = 6F887C461FF48F0A0097B640 /* RequestModel.swift */; };
		6F887C501FF48FF80097B640 /* Parseable.swift in Sources */ = {isa = PBXBuildFile; fileRef = 6F887C4E1FF48FF80097B640 /* Parseable.swift */; };
		6F887C531FF496170097B640 /* BaseViewController.swift in Sources */ = {isa = PBXBuildFile; fileRef = 6F887C521FF496170097B640 /* BaseViewController.swift */; };
		6F887C551FF498AA0097B640 /* MailListController.swift in Sources */ = {isa = PBXBuildFile; fileRef = 6F887C541FF498AA0097B640 /* MailListController.swift */; };
		6F887C571FF4AAA40097B640 /* WRNavigationBar.swift in Sources */ = {isa = PBXBuildFile; fileRef = 6F887C561FF4AAA40097B640 /* WRNavigationBar.swift */; };
		6F887C591FF4C4680097B640 /* fzsx.ttf in Resources */ = {isa = PBXBuildFile; fileRef = 6F887C581FF4C4680097B640 /* fzsx.ttf */; };
		6F88A6212029B30D00842FA3 /* HexaHUD.swift in Sources */ = {isa = PBXBuildFile; fileRef = 6F88A6202029B30D00842FA3 /* HexaHUD.swift */; };
		6F9FF5FA1FFDD886007D6DA8 /* MyStampCell.swift in Sources */ = {isa = PBXBuildFile; fileRef = 6F9FF5F91FFDD886007D6DA8 /* MyStampCell.swift */; };
		6F9FF5FC1FFDE4F5007D6DA8 /* StampListController.swift in Sources */ = {isa = PBXBuildFile; fileRef = 6F9FF5FB1FFDE4F5007D6DA8 /* StampListController.swift */; };
		6F9FF5FE1FFE0777007D6DA8 /* StampListCell.swift in Sources */ = {isa = PBXBuildFile; fileRef = 6F9FF5FD1FFE0777007D6DA8 /* StampListCell.swift */; };
		6FB8AEC41FF3B7DE009DA465 /* AppDelegate.swift in Sources */ = {isa = PBXBuildFile; fileRef = 6FB8AEC31FF3B7DE009DA465 /* AppDelegate.swift */; };
		6FB8AEC61FF3B7DE009DA465 /* UserListController.swift in Sources */ = {isa = PBXBuildFile; fileRef = 6FB8AEC51FF3B7DE009DA465 /* UserListController.swift */; };
		6FB8AEC91FF3B7DE009DA465 /* Mail.storyboard in Resources */ = {isa = PBXBuildFile; fileRef = 6FB8AEC71FF3B7DE009DA465 /* Mail.storyboard */; };
		6FB8AECB1FF3B7DE009DA465 /* Assets.xcassets in Resources */ = {isa = PBXBuildFile; fileRef = 6FB8AECA1FF3B7DE009DA465 /* Assets.xcassets */; };
		6FB8AECE1FF3B7DE009DA465 /* LaunchScreen.storyboard in Resources */ = {isa = PBXBuildFile; fileRef = 6FB8AECC1FF3B7DE009DA465 /* LaunchScreen.storyboard */; };
		6FC4CC4F200354EE00CE915B /* WRCustomNavigationBar.swift in Sources */ = {isa = PBXBuildFile; fileRef = 6FC4CC4E200354ED00CE915B /* WRCustomNavigationBar.swift */; };
		6FDDF5E11FFC8A4E008D7C1D /* CQMAlert.swift in Sources */ = {isa = PBXBuildFile; fileRef = 6FDDF5DF1FFC8A4E008D7C1D /* CQMAlert.swift */; };
		6FDDF5E71FFCFAC0008D7C1D /* UserListCell.swift in Sources */ = {isa = PBXBuildFile; fileRef = 6FDDF5E61FFCFAC0008D7C1D /* UserListCell.swift */; };
		6FDDF5E91FFD00F3008D7C1D /* MailListCell.swift in Sources */ = {isa = PBXBuildFile; fileRef = 6FDDF5E81FFD00F3008D7C1D /* MailListCell.swift */; };
		6FE9D7522015BD3D007202DC /* TextCell.swift in Sources */ = {isa = PBXBuildFile; fileRef = 6FE9D7512015BD3D007202DC /* TextCell.swift */; };
		6FE9D7542015C9FE007202DC /* WriteHeaderFooter.swift in Sources */ = {isa = PBXBuildFile; fileRef = 6FE9D7532015C9FE007202DC /* WriteHeaderFooter.swift */; };
		6FE9D7562015CA06007202DC /* WriteHeaderFooter.xib in Resources */ = {isa = PBXBuildFile; fileRef = 6FE9D7552015CA06007202DC /* WriteHeaderFooter.xib */; };
		6FF55BB220282FF400113DA6 /* StoreKit.framework in Frameworks */ = {isa = PBXBuildFile; fileRef = 6F9FF6001FFE3071007D6DA8 /* StoreKit.framework */; };
		6FFA424D2010A4EA00D61E11 /* URL+slowTime.swift in Sources */ = {isa = PBXBuildFile; fileRef = 6FFA424C2010A4EA00D61E11 /* URL+slowTime.swift */; };
/* End PBXBuildFile section */

/* Begin PBXFileReference section */
		6F1CF3171FF5F74B00030C81 /* SettingsController.swift */ = {isa = PBXFileReference; lastKnownFileType = sourcecode.swift; path = SettingsController.swift; sourceTree = "<group>"; };
		6F1CF3191FF5FA9F00030C81 /* settings.plist */ = {isa = PBXFileReference; fileEncoding = 4; lastKnownFileType = text.plist.xml; path = settings.plist; sourceTree = "<group>"; };
		6F1D69211FFB5C6000FF5FA7 /* ProfileController.swift */ = {isa = PBXFileReference; lastKnownFileType = sourcecode.swift; path = ProfileController.swift; sourceTree = "<group>"; };
		6F1D69231FFB5C7D00FF5FA7 /* FeedBackController.swift */ = {isa = PBXFileReference; lastKnownFileType = sourcecode.swift; path = FeedBackController.swift; sourceTree = "<group>"; };
		6F1D69271FFB5DA000FF5FA7 /* AgreementController.swift */ = {isa = PBXFileReference; lastKnownFileType = sourcecode.swift; path = AgreementController.swift; sourceTree = "<group>"; };
		6F2940E91FF4D5DA00873A9A /* ReadMailController.swift */ = {isa = PBXFileReference; lastKnownFileType = sourcecode.swift; path = ReadMailController.swift; sourceTree = "<group>"; };
		6F2940EB1FF4E4BD00873A9A /* WriteMailController.swift */ = {isa = PBXFileReference; lastKnownFileType = sourcecode.swift; path = WriteMailController.swift; sourceTree = "<group>"; };
		6F2940ED1FF4EDBA00873A9A /* PackToSendController.swift */ = {isa = PBXFileReference; lastKnownFileType = sourcecode.swift; path = PackToSendController.swift; sourceTree = "<group>"; };
		6F2940F21FF5D9C000873A9A /* Login.storyboard */ = {isa = PBXFileReference; fileEncoding = 4; lastKnownFileType = file.storyboard; path = Login.storyboard; sourceTree = "<group>"; };
		6F2940F51FF5D9C100873A9A /* LoginController.swift */ = {isa = PBXFileReference; fileEncoding = 4; lastKnownFileType = sourcecode.swift; path = LoginController.swift; sourceTree = "<group>"; };
		6F2940FE1FF5DA4500873A9A /* InformationController.swift */ = {isa = PBXFileReference; fileEncoding = 4; lastKnownFileType = sourcecode.swift; path = InformationController.swift; sourceTree = "<group>"; };
		6F887B441FF48E410097B640 /* NetworkManger.swift */ = {isa = PBXFileReference; fileEncoding = 4; lastKnownFileType = sourcecode.swift; path = NetworkManger.swift; sourceTree = "<group>"; };
		6F887B451FF48E410097B640 /* Network+Moya+SwiftyJSON.swift */ = {isa = PBXFileReference; fileEncoding = 4; lastKnownFileType = sourcecode.swift; path = "Network+Moya+SwiftyJSON.swift"; sourceTree = "<group>"; };
		6F887B461FF48E410097B640 /* Request.swift */ = {isa = PBXFileReference; fileEncoding = 4; lastKnownFileType = sourcecode.swift; path = Request.swift; sourceTree = "<group>"; };
		6F887B4C1FF48E550097B640 /* Config.swift */ = {isa = PBXFileReference; fileEncoding = 4; lastKnownFileType = sourcecode.swift; path = Config.swift; sourceTree = "<group>"; };
		6F887B4D1FF48E550097B640 /* RegexHelper.swift */ = {isa = PBXFileReference; fileEncoding = 4; lastKnownFileType = sourcecode.swift; path = RegexHelper.swift; sourceTree = "<group>"; };
		6F887B541FF48E740097B640 /* R.generated.swift */ = {isa = PBXFileReference; fileEncoding = 4; lastKnownFileType = sourcecode.swift; path = R.generated.swift; sourceTree = SOURCE_ROOT; };
		6F887B571FF48E800097B640 /* UIViewController+hexa.swift */ = {isa = PBXFileReference; fileEncoding = 4; lastKnownFileType = sourcecode.swift; path = "UIViewController+hexa.swift"; sourceTree = "<group>"; };
		6F887B591FF48E800097B640 /* UIFont+hexa.swift */ = {isa = PBXFileReference; fileEncoding = 4; lastKnownFileType = sourcecode.swift; path = "UIFont+hexa.swift"; sourceTree = "<group>"; };
		6F887B5A1FF48E800097B640 /* Array+hexa.swift */ = {isa = PBXFileReference; fileEncoding = 4; lastKnownFileType = sourcecode.swift; path = "Array+hexa.swift"; sourceTree = "<group>"; };
		6F887B5B1FF48E800097B640 /* String+hexa.swift */ = {isa = PBXFileReference; fileEncoding = 4; lastKnownFileType = sourcecode.swift; path = "String+hexa.swift"; sourceTree = "<group>"; };
		6F887B5C1FF48E800097B640 /* UIColor+hexa.swift */ = {isa = PBXFileReference; fileEncoding = 4; lastKnownFileType = sourcecode.swift; path = "UIColor+hexa.swift"; sourceTree = "<group>"; };
		6F887B5F1FF48E800097B640 /* UIImage+hexa.swift */ = {isa = PBXFileReference; fileEncoding = 4; lastKnownFileType = sourcecode.swift; path = "UIImage+hexa.swift"; sourceTree = "<group>"; };
		6F887B611FF48E800097B640 /* UIDevice+hexa.swift */ = {isa = PBXFileReference; fileEncoding = 4; lastKnownFileType = sourcecode.swift; path = "UIDevice+hexa.swift"; sourceTree = "<group>"; };
		6F887B621FF48E800097B640 /* UIView+hexa.swift */ = {isa = PBXFileReference; fileEncoding = 4; lastKnownFileType = sourcecode.swift; path = "UIView+hexa.swift"; sourceTree = "<group>"; };
		6F887C461FF48F0A0097B640 /* RequestModel.swift */ = {isa = PBXFileReference; fileEncoding = 4; lastKnownFileType = sourcecode.swift; path = RequestModel.swift; sourceTree = "<group>"; };
		6F887C4E1FF48FF80097B640 /* Parseable.swift */ = {isa = PBXFileReference; fileEncoding = 4; lastKnownFileType = sourcecode.swift; path = Parseable.swift; sourceTree = "<group>"; };
		6F887C521FF496170097B640 /* BaseViewController.swift */ = {isa = PBXFileReference; lastKnownFileType = sourcecode.swift; path = BaseViewController.swift; sourceTree = "<group>"; };
		6F887C541FF498AA0097B640 /* MailListController.swift */ = {isa = PBXFileReference; lastKnownFileType = sourcecode.swift; path = MailListController.swift; sourceTree = "<group>"; };
		6F887C561FF4AAA40097B640 /* WRNavigationBar.swift */ = {isa = PBXFileReference; fileEncoding = 4; lastKnownFileType = sourcecode.swift; path = WRNavigationBar.swift; sourceTree = "<group>"; };
		6F887C581FF4C4680097B640 /* fzsx.ttf */ = {isa = PBXFileReference; lastKnownFileType = file; path = fzsx.ttf; sourceTree = "<group>"; };
		6F88A6202029B30D00842FA3 /* HexaHUD.swift */ = {isa = PBXFileReference; fileEncoding = 4; lastKnownFileType = sourcecode.swift; path = HexaHUD.swift; sourceTree = "<group>"; };
		6F9FF5F91FFDD886007D6DA8 /* MyStampCell.swift */ = {isa = PBXFileReference; lastKnownFileType = sourcecode.swift; path = MyStampCell.swift; sourceTree = "<group>"; };
		6F9FF5FB1FFDE4F5007D6DA8 /* StampListController.swift */ = {isa = PBXFileReference; lastKnownFileType = sourcecode.swift; path = StampListController.swift; sourceTree = "<group>"; };
		6F9FF5FD1FFE0777007D6DA8 /* StampListCell.swift */ = {isa = PBXFileReference; lastKnownFileType = sourcecode.swift; path = StampListCell.swift; sourceTree = "<group>"; };
		6F9FF6001FFE3071007D6DA8 /* StoreKit.framework */ = {isa = PBXFileReference; lastKnownFileType = wrapper.framework; name = StoreKit.framework; path = System/Library/Frameworks/StoreKit.framework; sourceTree = SDKROOT; };
		6FB8AEC01FF3B7DE009DA465 /* SlowTime.app */ = {isa = PBXFileReference; explicitFileType = wrapper.application; includeInIndex = 0; path = SlowTime.app; sourceTree = BUILT_PRODUCTS_DIR; };
		6FB8AEC31FF3B7DE009DA465 /* AppDelegate.swift */ = {isa = PBXFileReference; lastKnownFileType = sourcecode.swift; path = AppDelegate.swift; sourceTree = "<group>"; };
		6FB8AEC51FF3B7DE009DA465 /* UserListController.swift */ = {isa = PBXFileReference; lastKnownFileType = sourcecode.swift; path = UserListController.swift; sourceTree = "<group>"; };
		6FB8AEC81FF3B7DE009DA465 /* Base */ = {isa = PBXFileReference; lastKnownFileType = file.storyboard; name = Base; path = Base.lproj/Mail.storyboard; sourceTree = "<group>"; };
		6FB8AECA1FF3B7DE009DA465 /* Assets.xcassets */ = {isa = PBXFileReference; lastKnownFileType = folder.assetcatalog; path = Assets.xcassets; sourceTree = "<group>"; };
		6FB8AECD1FF3B7DE009DA465 /* Base */ = {isa = PBXFileReference; lastKnownFileType = file.storyboard; name = Base; path = Base.lproj/LaunchScreen.storyboard; sourceTree = "<group>"; };
		6FB8AECF1FF3B7DE009DA465 /* Info.plist */ = {isa = PBXFileReference; lastKnownFileType = text.plist.xml; path = Info.plist; sourceTree = "<group>"; };
		6FC4CC4E200354ED00CE915B /* WRCustomNavigationBar.swift */ = {isa = PBXFileReference; fileEncoding = 4; lastKnownFileType = sourcecode.swift; path = WRCustomNavigationBar.swift; sourceTree = "<group>"; };
		6FDDF5DF1FFC8A4E008D7C1D /* CQMAlert.swift */ = {isa = PBXFileReference; fileEncoding = 4; lastKnownFileType = sourcecode.swift; path = CQMAlert.swift; sourceTree = "<group>"; };
		6FDDF5E61FFCFAC0008D7C1D /* UserListCell.swift */ = {isa = PBXFileReference; lastKnownFileType = sourcecode.swift; path = UserListCell.swift; sourceTree = "<group>"; };
		6FDDF5E81FFD00F3008D7C1D /* MailListCell.swift */ = {isa = PBXFileReference; lastKnownFileType = sourcecode.swift; path = MailListCell.swift; sourceTree = "<group>"; };
		6FE9D7512015BD3D007202DC /* TextCell.swift */ = {isa = PBXFileReference; lastKnownFileType = sourcecode.swift; path = TextCell.swift; sourceTree = "<group>"; };
		6FE9D7532015C9FE007202DC /* WriteHeaderFooter.swift */ = {isa = PBXFileReference; lastKnownFileType = sourcecode.swift; path = WriteHeaderFooter.swift; sourceTree = "<group>"; };
		6FE9D7552015CA06007202DC /* WriteHeaderFooter.xib */ = {isa = PBXFileReference; lastKnownFileType = file.xib; path = WriteHeaderFooter.xib; sourceTree = "<group>"; };
		6FFA424C2010A4EA00D61E11 /* URL+slowTime.swift */ = {isa = PBXFileReference; lastKnownFileType = sourcecode.swift; path = "URL+slowTime.swift"; sourceTree = "<group>"; };
/* End PBXFileReference section */

/* Begin PBXFrameworksBuildPhase section */
		6FB8AEBD1FF3B7DE009DA465 /* Frameworks */ = {
			isa = PBXFrameworksBuildPhase;
			buildActionMask = 2147483647;
			files = (
				6FF55BB220282FF400113DA6 /* StoreKit.framework in Frameworks */,
			);
			runOnlyForDeploymentPostprocessing = 0;
		};
/* End PBXFrameworksBuildPhase section */

/* Begin PBXGroup section */
		6F1CF3151FF5F57200030C81 /* Mail */ = {
			isa = PBXGroup;
			children = (
				6FB8AEC51FF3B7DE009DA465 /* UserListController.swift */,
				6F887C541FF498AA0097B640 /* MailListController.swift */,
				6F2940E91FF4D5DA00873A9A /* ReadMailController.swift */,
				6F2940EB1FF4E4BD00873A9A /* WriteMailController.swift */,
				6F2940ED1FF4EDBA00873A9A /* PackToSendController.swift */,
				6F9FF5FB1FFDE4F5007D6DA8 /* StampListController.swift */,
				6FB8AEC71FF3B7DE009DA465 /* Mail.storyboard */,
			);
			path = Mail;
			sourceTree = "<group>";
		};
		6F1CF3161FF5F69F00030C81 /* Settings */ = {
			isa = PBXGroup;
			children = (
				6F1CF3191FF5FA9F00030C81 /* settings.plist */,
				6F1CF3171FF5F74B00030C81 /* SettingsController.swift */,
				6F1D69211FFB5C6000FF5FA7 /* ProfileController.swift */,
				6F1D69231FFB5C7D00FF5FA7 /* FeedBackController.swift */,
				6F1D69271FFB5DA000FF5FA7 /* AgreementController.swift */,
			);
			path = Settings;
			sourceTree = "<group>";
		};
		6F1D69051FFB3A9600FF5FA7 /* Views */ = {
			isa = PBXGroup;
			children = (
				6FE9D74C2015BCF5007202DC /* Write */,
				6FDDF5E51FFCFA96008D7C1D /* Mail */,
				6F1D690A1FFB3A9600FF5FA7 /* Alert */,
			);
			path = Views;
			sourceTree = "<group>";
		};
		6F1D690A1FFB3A9600FF5FA7 /* Alert */ = {
			isa = PBXGroup;
			children = (
				6F88A6202029B30D00842FA3 /* HexaHUD.swift */,
				6FDDF5DF1FFC8A4E008D7C1D /* CQMAlert.swift */,
			);
			path = Alert;
			sourceTree = "<group>";
		};
		6F2940EF1FF5D99000873A9A /* Login */ = {
			isa = PBXGroup;
			children = (
				6F2940F51FF5D9C100873A9A /* LoginController.swift */,
				6F2940FE1FF5DA4500873A9A /* InformationController.swift */,
				6F2940F21FF5D9C000873A9A /* Login.storyboard */,
			);
			path = Login;
			sourceTree = "<group>";
		};
		6F887B431FF48E410097B640 /* Network */ = {
			isa = PBXGroup;
			children = (
				6F887B441FF48E410097B640 /* NetworkManger.swift */,
				6F887B451FF48E410097B640 /* Network+Moya+SwiftyJSON.swift */,
				6F887B461FF48E410097B640 /* Request.swift */,
			);
			path = Network;
			sourceTree = "<group>";
		};
		6F887B4A1FF48E540097B640 /* Helpers */ = {
			isa = PBXGroup;
			children = (
				6F887B4C1FF48E550097B640 /* Config.swift */,
				6F887B4D1FF48E550097B640 /* RegexHelper.swift */,
			);
			path = Helpers;
			sourceTree = "<group>";
		};
		6F887B531FF48E640097B640 /* Libraries */ = {
			isa = PBXGroup;
			children = (
				6F887C561FF4AAA40097B640 /* WRNavigationBar.swift */,
				6FC4CC4E200354ED00CE915B /* WRCustomNavigationBar.swift */,
				6F887B541FF48E740097B640 /* R.generated.swift */,
			);
			path = Libraries;
			sourceTree = "<group>";
		};
		6F887B561FF48E800097B640 /* Extension */ = {
			isa = PBXGroup;
			children = (
				6F887B571FF48E800097B640 /* UIViewController+hexa.swift */,
				6F887B591FF48E800097B640 /* UIFont+hexa.swift */,
				6F887B5A1FF48E800097B640 /* Array+hexa.swift */,
				6F887B5B1FF48E800097B640 /* String+hexa.swift */,
				6F887B5C1FF48E800097B640 /* UIColor+hexa.swift */,
				6F887B5F1FF48E800097B640 /* UIImage+hexa.swift */,
				6F887B611FF48E800097B640 /* UIDevice+hexa.swift */,
				6F887B621FF48E800097B640 /* UIView+hexa.swift */,
				6FFA424C2010A4EA00D61E11 /* URL+slowTime.swift */,
			);
			path = Extension;
			sourceTree = "<group>";
		};
		6F887C441FF48F030097B640 /* Controllers */ = {
			isa = PBXGroup;
			children = (
				6F2940EF1FF5D99000873A9A /* Login */,
				6F1CF3151FF5F57200030C81 /* Mail */,
				6F1CF3161FF5F69F00030C81 /* Settings */,
				6F887C511FF495FE0097B640 /* Base */,
			);
			path = Controllers;
			sourceTree = "<group>";
		};
		6F887C451FF48F0A0097B640 /* Model */ = {
			isa = PBXGroup;
			children = (
				6F887C461FF48F0A0097B640 /* RequestModel.swift */,
			);
			path = Model;
			sourceTree = "<group>";
		};
		6F887C4C1FF48FF80097B640 /* Protocol */ = {
			isa = PBXGroup;
			children = (
				6F887C4E1FF48FF80097B640 /* Parseable.swift */,
			);
			path = Protocol;
			sourceTree = "<group>";
		};
		6F887C511FF495FE0097B640 /* Base */ = {
			isa = PBXGroup;
			children = (
				6F887C521FF496170097B640 /* BaseViewController.swift */,
			);
			path = Base;
			sourceTree = "<group>";
		};
		6F9FF5FF1FFE3071007D6DA8 /* Frameworks */ = {
			isa = PBXGroup;
			children = (
				6F9FF6001FFE3071007D6DA8 /* StoreKit.framework */,
			);
			name = Frameworks;
			sourceTree = "<group>";
		};
		6FB8AEB71FF3B7DE009DA465 = {
			isa = PBXGroup;
			children = (
				6FB8AEC21FF3B7DE009DA465 /* SlowTime */,
				6FB8AEC11FF3B7DE009DA465 /* Products */,
				6F9FF5FF1FFE3071007D6DA8 /* Frameworks */,
			);
			sourceTree = "<group>";
		};
		6FB8AEC11FF3B7DE009DA465 /* Products */ = {
			isa = PBXGroup;
			children = (
				6FB8AEC01FF3B7DE009DA465 /* SlowTime.app */,
			);
			name = Products;
			sourceTree = "<group>";
		};
		6FB8AEC21FF3B7DE009DA465 /* SlowTime */ = {
			isa = PBXGroup;
			children = (
				6FB8AEC31FF3B7DE009DA465 /* AppDelegate.swift */,
				6F887B431FF48E410097B640 /* Network */,
				6F887B4A1FF48E540097B640 /* Helpers */,
				6F887C4C1FF48FF80097B640 /* Protocol */,
				6F887B531FF48E640097B640 /* Libraries */,
				6F887B561FF48E800097B640 /* Extension */,
				6F887C441FF48F030097B640 /* Controllers */,
				6F887C451FF48F0A0097B640 /* Model */,
				6F1D69051FFB3A9600FF5FA7 /* Views */,
				6FB8AECA1FF3B7DE009DA465 /* Assets.xcassets */,
				6F887C581FF4C4680097B640 /* fzsx.ttf */,
				6FB8AECC1FF3B7DE009DA465 /* LaunchScreen.storyboard */,
				6FB8AECF1FF3B7DE009DA465 /* Info.plist */,
			);
			path = SlowTime;
			sourceTree = "<group>";
		};
		6FDDF5E51FFCFA96008D7C1D /* Mail */ = {
			isa = PBXGroup;
			children = (
				6FDDF5E61FFCFAC0008D7C1D /* UserListCell.swift */,
				6FDDF5E81FFD00F3008D7C1D /* MailListCell.swift */,
				6F9FF5F91FFDD886007D6DA8 /* MyStampCell.swift */,
				6F9FF5FD1FFE0777007D6DA8 /* StampListCell.swift */,
			);
			path = Mail;
			sourceTree = "<group>";
		};
		6FE9D74C2015BCF5007202DC /* Write */ = {
			isa = PBXGroup;
			children = (
				6FE9D7512015BD3D007202DC /* TextCell.swift */,
				6FE9D7532015C9FE007202DC /* WriteHeaderFooter.swift */,
				6FE9D7552015CA06007202DC /* WriteHeaderFooter.xib */,
			);
			path = Write;
			sourceTree = "<group>";
		};
/* End PBXGroup section */

/* Begin PBXNativeTarget section */
		6FB8AEBF1FF3B7DE009DA465 /* SlowTime */ = {
			isa = PBXNativeTarget;
			buildConfigurationList = 6FB8AED21FF3B7DE009DA465 /* Build configuration list for PBXNativeTarget "SlowTime" */;
			buildPhases = (
				6FE765AA1FF3BCAF00BCE767 /* R.swift */,
				6FB8AEBC1FF3B7DE009DA465 /* Sources */,
				6FB8AEBD1FF3B7DE009DA465 /* Frameworks */,
				6FB8AEBE1FF3B7DE009DA465 /* Resources */,
				6FE765AB1FF3BCE200BCE767 /* Carthage */,
			);
			buildRules = (
			);
			dependencies = (
			);
			name = SlowTime;
			productName = SlowTime;
			productReference = 6FB8AEC01FF3B7DE009DA465 /* SlowTime.app */;
			productType = "com.apple.product-type.application";
		};
/* End PBXNativeTarget section */

/* Begin PBXProject section */
		6FB8AEB81FF3B7DE009DA465 /* Project object */ = {
			isa = PBXProject;
			attributes = {
				LastSwiftUpdateCheck = 0920;
				LastUpgradeCheck = 0920;
				ORGANIZATIONNAME = KKING;
				TargetAttributes = {
					6FB8AEBF1FF3B7DE009DA465 = {
						CreatedOnToolsVersion = 9.2;
						ProvisioningStyle = Automatic;
						SystemCapabilities = {
							com.apple.InAppPurchase = {
								enabled = 1;
							};
						};
					};
				};
			};
			buildConfigurationList = 6FB8AEBB1FF3B7DE009DA465 /* Build configuration list for PBXProject "SlowTime" */;
			compatibilityVersion = "Xcode 8.0";
			developmentRegion = en;
			hasScannedForEncodings = 0;
			knownRegions = (
				en,
				Base,
			);
			mainGroup = 6FB8AEB71FF3B7DE009DA465;
			productRefGroup = 6FB8AEC11FF3B7DE009DA465 /* Products */;
			projectDirPath = "";
			projectRoot = "";
			targets = (
				6FB8AEBF1FF3B7DE009DA465 /* SlowTime */,
			);
		};
/* End PBXProject section */

/* Begin PBXResourcesBuildPhase section */
		6FB8AEBE1FF3B7DE009DA465 /* Resources */ = {
			isa = PBXResourcesBuildPhase;
			buildActionMask = 2147483647;
			files = (
				6F887C591FF4C4680097B640 /* fzsx.ttf in Resources */,
				6FB8AECE1FF3B7DE009DA465 /* LaunchScreen.storyboard in Resources */,
				6FB8AECB1FF3B7DE009DA465 /* Assets.xcassets in Resources */,
				6FE9D7562015CA06007202DC /* WriteHeaderFooter.xib in Resources */,
				6F2940F91FF5D9C100873A9A /* Login.storyboard in Resources */,
				6F1CF31A1FF5FA9F00030C81 /* settings.plist in Resources */,
				6FB8AEC91FF3B7DE009DA465 /* Mail.storyboard in Resources */,
			);
			runOnlyForDeploymentPostprocessing = 0;
		};
/* End PBXResourcesBuildPhase section */

/* Begin PBXShellScriptBuildPhase section */
		6FE765AA1FF3BCAF00BCE767 /* R.swift */ = {
			isa = PBXShellScriptBuildPhase;
			buildActionMask = 2147483647;
			files = (
			);
			inputPaths = (
			);
			name = R.swift;
			outputPaths = (
			);
			runOnlyForDeploymentPostprocessing = 0;
			shellPath = /bin/sh;
			shellScript = "\"/usr/local/bin/rswift\" \"$SRCROOT\"";
		};
		6FE765AB1FF3BCE200BCE767 /* Carthage */ = {
			isa = PBXShellScriptBuildPhase;
			buildActionMask = 2147483647;
			files = (
			);
			inputPaths = (
				"$(SRCROOT)/Carthage/Build/iOS/Alamofire.framework",
				"$(SRCROOT)/Carthage/Build/iOS/SnapKit.framework",
				"$(SRCROOT)/Carthage/Build/iOS/Rswift.framework",
				"$(SRCROOT)/Carthage/Build/iOS/RxSwift.framework",
				"$(SRCROOT)/Carthage/Build/iOS/RxCocoa.framework",
				"$(SRCROOT)/Carthage/Build/iOS/Moya.framework",
				"$(SRCROOT)/Carthage/Build/iOS/ReactiveMoya.framework",
				"$(SRCROOT)/Carthage/Build/iOS/ReactiveSwift.framework",
				"$(SRCROOT)/Carthage/Build/iOS/Result.framework",
				"$(SRCROOT)/Carthage/Build/iOS/RxMoya.framework",
				"$(SRCROOT)/Carthage/Build/iOS/SwiftyJSON.framework",
				"$(SRCROOT)/Carthage/Build/iOS/MJRefresh.framework",
				"$(SRCROOT)/Carthage/Build/iOS/PKHUD.framework",
				"$(SRCROOT)/Carthage/Build/iOS/Kingfisher.framework",
				"$(SRCROOT)/Carthage/Build/iOS/YYText.framework",
			);
			name = Carthage;
			outputPaths = (
			);
			runOnlyForDeploymentPostprocessing = 0;
			shellPath = /bin/sh;
			shellScript = "/usr/local/bin/carthage copy-frameworks";
		};
/* End PBXShellScriptBuildPhase section */

/* Begin PBXSourcesBuildPhase section */
		6FB8AEBC1FF3B7DE009DA465 /* Sources */ = {
			isa = PBXSourcesBuildPhase;
			buildActionMask = 2147483647;
			files = (
				6F887B471FF48E410097B640 /* NetworkManger.swift in Sources */,
				6F887B651FF48E810097B640 /* UIFont+hexa.swift in Sources */,
				6F887B631FF48E810097B640 /* UIViewController+hexa.swift in Sources */,
				6F887B671FF48E810097B640 /* String+hexa.swift in Sources */,
				6F887C551FF498AA0097B640 /* MailListController.swift in Sources */,
				6FB8AEC61FF3B7DE009DA465 /* UserListController.swift in Sources */,
				6F887C531FF496170097B640 /* BaseViewController.swift in Sources */,
				6F2940FC1FF5D9C100873A9A /* LoginController.swift in Sources */,
				6F9FF5FA1FFDD886007D6DA8 /* MyStampCell.swift in Sources */,
				6F887B491FF48E410097B640 /* Request.swift in Sources */,
				6F887B501FF48E550097B640 /* Config.swift in Sources */,
				6F887C491FF48F0A0097B640 /* RequestModel.swift in Sources */,
				6F2940FF1FF5DA4500873A9A /* InformationController.swift in Sources */,
				6FE9D7542015C9FE007202DC /* WriteHeaderFooter.swift in Sources */,
				6F1D69281FFB5DA000FF5FA7 /* AgreementController.swift in Sources */,
				6F9FF5FE1FFE0777007D6DA8 /* StampListCell.swift in Sources */,
				6F2940EA1FF4D5DA00873A9A /* ReadMailController.swift in Sources */,
				6F887B6E1FF48E810097B640 /* UIView+hexa.swift in Sources */,
				6F887C571FF4AAA40097B640 /* WRNavigationBar.swift in Sources */,
				6F887B481FF48E410097B640 /* Network+Moya+SwiftyJSON.swift in Sources */,
				6F1D69241FFB5C7D00FF5FA7 /* FeedBackController.swift in Sources */,
				6F887B6B1FF48E810097B640 /* UIImage+hexa.swift in Sources */,
				6FFA424D2010A4EA00D61E11 /* URL+slowTime.swift in Sources */,
				6F887B6D1FF48E810097B640 /* UIDevice+hexa.swift in Sources */,
				6FC4CC4F200354EE00CE915B /* WRCustomNavigationBar.swift in Sources */,
				6F2940EC1FF4E4BD00873A9A /* WriteMailController.swift in Sources */,
				6FDDF5E11FFC8A4E008D7C1D /* CQMAlert.swift in Sources */,
				6F887B681FF48E810097B640 /* UIColor+hexa.swift in Sources */,
				6FDDF5E71FFCFAC0008D7C1D /* UserListCell.swift in Sources */,
				6F1D69221FFB5C6000FF5FA7 /* ProfileController.swift in Sources */,
				6F88A6212029B30D00842FA3 /* HexaHUD.swift in Sources */,
				6F887B551FF48E740097B640 /* R.generated.swift in Sources */,
				6FE9D7522015BD3D007202DC /* TextCell.swift in Sources */,
				6F887C501FF48FF80097B640 /* Parseable.swift in Sources */,
				6FB8AEC41FF3B7DE009DA465 /* AppDelegate.swift in Sources */,
				6F2940EE1FF4EDBA00873A9A /* PackToSendController.swift in Sources */,
				6F9FF5FC1FFDE4F5007D6DA8 /* StampListController.swift in Sources */,
				6FDDF5E91FFD00F3008D7C1D /* MailListCell.swift in Sources */,
				6F1CF3181FF5F74B00030C81 /* SettingsController.swift in Sources */,
				6F887B511FF48E550097B640 /* RegexHelper.swift in Sources */,
				6F887B661FF48E810097B640 /* Array+hexa.swift in Sources */,
			);
			runOnlyForDeploymentPostprocessing = 0;
		};
/* End PBXSourcesBuildPhase section */

/* Begin PBXVariantGroup section */
		6FB8AEC71FF3B7DE009DA465 /* Mail.storyboard */ = {
			isa = PBXVariantGroup;
			children = (
				6FB8AEC81FF3B7DE009DA465 /* Base */,
			);
			name = Mail.storyboard;
			sourceTree = "<group>";
		};
		6FB8AECC1FF3B7DE009DA465 /* LaunchScreen.storyboard */ = {
			isa = PBXVariantGroup;
			children = (
				6FB8AECD1FF3B7DE009DA465 /* Base */,
			);
			name = LaunchScreen.storyboard;
			sourceTree = "<group>";
		};
/* End PBXVariantGroup section */

/* Begin XCBuildConfiguration section */
		6FB8AED01FF3B7DE009DA465 /* Debug */ = {
			isa = XCBuildConfiguration;
			buildSettings = {
				ALWAYS_SEARCH_USER_PATHS = NO;
				CLANG_ANALYZER_NONNULL = YES;
				CLANG_ANALYZER_NUMBER_OBJECT_CONVERSION = YES_AGGRESSIVE;
				CLANG_CXX_LANGUAGE_STANDARD = "gnu++14";
				CLANG_CXX_LIBRARY = "libc++";
				CLANG_ENABLE_MODULES = YES;
				CLANG_ENABLE_OBJC_ARC = YES;
				CLANG_WARN_BLOCK_CAPTURE_AUTORELEASING = YES;
				CLANG_WARN_BOOL_CONVERSION = YES;
				CLANG_WARN_COMMA = YES;
				CLANG_WARN_CONSTANT_CONVERSION = YES;
				CLANG_WARN_DIRECT_OBJC_ISA_USAGE = YES_ERROR;
				CLANG_WARN_DOCUMENTATION_COMMENTS = YES;
				CLANG_WARN_EMPTY_BODY = YES;
				CLANG_WARN_ENUM_CONVERSION = YES;
				CLANG_WARN_INFINITE_RECURSION = YES;
				CLANG_WARN_INT_CONVERSION = YES;
				CLANG_WARN_NON_LITERAL_NULL_CONVERSION = YES;
				CLANG_WARN_OBJC_LITERAL_CONVERSION = YES;
				CLANG_WARN_OBJC_ROOT_CLASS = YES_ERROR;
				CLANG_WARN_RANGE_LOOP_ANALYSIS = YES;
				CLANG_WARN_STRICT_PROTOTYPES = YES;
				CLANG_WARN_SUSPICIOUS_MOVE = YES;
				CLANG_WARN_UNGUARDED_AVAILABILITY = YES_AGGRESSIVE;
				CLANG_WARN_UNREACHABLE_CODE = YES;
				CLANG_WARN__DUPLICATE_METHOD_MATCH = YES;
				CODE_SIGN_IDENTITY = "iPhone Developer";
				COPY_PHASE_STRIP = NO;
				DEBUG_INFORMATION_FORMAT = dwarf;
				ENABLE_STRICT_OBJC_MSGSEND = YES;
				ENABLE_TESTABILITY = YES;
				GCC_C_LANGUAGE_STANDARD = gnu11;
				GCC_DYNAMIC_NO_PIC = NO;
				GCC_NO_COMMON_BLOCKS = YES;
				GCC_OPTIMIZATION_LEVEL = 0;
				GCC_PREPROCESSOR_DEFINITIONS = (
					"DEBUG=1",
					"$(inherited)",
				);
				GCC_WARN_64_TO_32_BIT_CONVERSION = YES;
				GCC_WARN_ABOUT_RETURN_TYPE = YES_ERROR;
				GCC_WARN_UNDECLARED_SELECTOR = YES;
				GCC_WARN_UNINITIALIZED_AUTOS = YES_AGGRESSIVE;
				GCC_WARN_UNUSED_FUNCTION = YES;
				GCC_WARN_UNUSED_VARIABLE = YES;
				IPHONEOS_DEPLOYMENT_TARGET = 11.2;
				MTL_ENABLE_DEBUG_INFO = YES;
				ONLY_ACTIVE_ARCH = YES;
				SDKROOT = iphoneos;
				SWIFT_ACTIVE_COMPILATION_CONDITIONS = DEBUG;
				SWIFT_OPTIMIZATION_LEVEL = "-Onone";
			};
			name = Debug;
		};
		6FB8AED11FF3B7DE009DA465 /* Release */ = {
			isa = XCBuildConfiguration;
			buildSettings = {
				ALWAYS_SEARCH_USER_PATHS = NO;
				CLANG_ANALYZER_NONNULL = YES;
				CLANG_ANALYZER_NUMBER_OBJECT_CONVERSION = YES_AGGRESSIVE;
				CLANG_CXX_LANGUAGE_STANDARD = "gnu++14";
				CLANG_CXX_LIBRARY = "libc++";
				CLANG_ENABLE_MODULES = YES;
				CLANG_ENABLE_OBJC_ARC = YES;
				CLANG_WARN_BLOCK_CAPTURE_AUTORELEASING = YES;
				CLANG_WARN_BOOL_CONVERSION = YES;
				CLANG_WARN_COMMA = YES;
				CLANG_WARN_CONSTANT_CONVERSION = YES;
				CLANG_WARN_DIRECT_OBJC_ISA_USAGE = YES_ERROR;
				CLANG_WARN_DOCUMENTATION_COMMENTS = YES;
				CLANG_WARN_EMPTY_BODY = YES;
				CLANG_WARN_ENUM_CONVERSION = YES;
				CLANG_WARN_INFINITE_RECURSION = YES;
				CLANG_WARN_INT_CONVERSION = YES;
				CLANG_WARN_NON_LITERAL_NULL_CONVERSION = YES;
				CLANG_WARN_OBJC_LITERAL_CONVERSION = YES;
				CLANG_WARN_OBJC_ROOT_CLASS = YES_ERROR;
				CLANG_WARN_RANGE_LOOP_ANALYSIS = YES;
				CLANG_WARN_STRICT_PROTOTYPES = YES;
				CLANG_WARN_SUSPICIOUS_MOVE = YES;
				CLANG_WARN_UNGUARDED_AVAILABILITY = YES_AGGRESSIVE;
				CLANG_WARN_UNREACHABLE_CODE = YES;
				CLANG_WARN__DUPLICATE_METHOD_MATCH = YES;
				CODE_SIGN_IDENTITY = "iPhone Developer";
				COPY_PHASE_STRIP = NO;
				DEBUG_INFORMATION_FORMAT = "dwarf-with-dsym";
				ENABLE_NS_ASSERTIONS = NO;
				ENABLE_STRICT_OBJC_MSGSEND = YES;
				GCC_C_LANGUAGE_STANDARD = gnu11;
				GCC_NO_COMMON_BLOCKS = YES;
				GCC_WARN_64_TO_32_BIT_CONVERSION = YES;
				GCC_WARN_ABOUT_RETURN_TYPE = YES_ERROR;
				GCC_WARN_UNDECLARED_SELECTOR = YES;
				GCC_WARN_UNINITIALIZED_AUTOS = YES_AGGRESSIVE;
				GCC_WARN_UNUSED_FUNCTION = YES;
				GCC_WARN_UNUSED_VARIABLE = YES;
				IPHONEOS_DEPLOYMENT_TARGET = 11.2;
				MTL_ENABLE_DEBUG_INFO = NO;
				SDKROOT = iphoneos;
				SWIFT_OPTIMIZATION_LEVEL = "-Owholemodule";
				VALIDATE_PRODUCT = YES;
			};
			name = Release;
		};
		6FB8AED31FF3B7DE009DA465 /* Debug */ = {
			isa = XCBuildConfiguration;
			buildSettings = {
				ASSETCATALOG_COMPILER_APPICON_NAME = AppIcon;
				"CODE_SIGN_IDENTITY[sdk=iphoneos*]" = "iPhone Developer";
				CODE_SIGN_STYLE = Automatic;
				DEVELOPMENT_TEAM = XN88PY869D;
				FRAMEWORK_SEARCH_PATHS = (
					"$(inherited)",
					"$(PROJECT_DIR)/Carthage/Build/iOS",
				);
				INFOPLIST_FILE = SlowTime/Info.plist;
				IPHONEOS_DEPLOYMENT_TARGET = 9.0;
				LD_RUNPATH_SEARCH_PATHS = "$(inherited) @executable_path/Frameworks";
				PRODUCT_BUNDLE_IDENTIFIER = com.vincross.cqm;
				PRODUCT_NAME = "$(TARGET_NAME)";
				PROVISIONING_PROFILE = "";
				PROVISIONING_PROFILE_SPECIFIER = "";
				SWIFT_VERSION = 4.0;
				TARGETED_DEVICE_FAMILY = 1;
				VALID_ARCHS = arm64;
			};
			name = Debug;
		};
		6FB8AED41FF3B7DE009DA465 /* Release */ = {
			isa = XCBuildConfiguration;
			buildSettings = {
				ASSETCATALOG_COMPILER_APPICON_NAME = AppIcon;
				"CODE_SIGN_IDENTITY[sdk=iphoneos*]" = "iPhone Developer";
				CODE_SIGN_STYLE = Automatic;
				DEVELOPMENT_TEAM = XN88PY869D;
				FRAMEWORK_SEARCH_PATHS = (
					"$(inherited)",
					"$(PROJECT_DIR)/Carthage/Build/iOS",
				);
				INFOPLIST_FILE = SlowTime/Info.plist;
				IPHONEOS_DEPLOYMENT_TARGET = 9.0;
				LD_RUNPATH_SEARCH_PATHS = "$(inherited) @executable_path/Frameworks";
				PRODUCT_BUNDLE_IDENTIFIER = com.vincross.cqm;
				PRODUCT_NAME = "$(TARGET_NAME)";
				PROVISIONING_PROFILE = "";
				PROVISIONING_PROFILE_SPECIFIER = "";
				SWIFT_VERSION = 4.0;
				TARGETED_DEVICE_FAMILY = 1;
				VALID_ARCHS = arm64;
			};
			name = Release;
		};
/* End XCBuildConfiguration section */

/* Begin XCConfigurationList section */
		6FB8AEBB1FF3B7DE009DA465 /* Build configuration list for PBXProject "SlowTime" */ = {
			isa = XCConfigurationList;
			buildConfigurations = (
				6FB8AED01FF3B7DE009DA465 /* Debug */,
				6FB8AED11FF3B7DE009DA465 /* Release */,
			);
			defaultConfigurationIsVisible = 0;
			defaultConfigurationName = Release;
		};
		6FB8AED21FF3B7DE009DA465 /* Build configuration list for PBXNativeTarget "SlowTime" */ = {
			isa = XCConfigurationList;
			buildConfigurations = (
				6FB8AED31FF3B7DE009DA465 /* Debug */,
				6FB8AED41FF3B7DE009DA465 /* Release */,
			);
			defaultConfigurationIsVisible = 0;
			defaultConfigurationName = Release;
		};
/* End XCConfigurationList section */
	};
	rootObject = 6FB8AEB81FF3B7DE009DA465 /* Project object */;
}
